
Microsoft Visual Studio Solution File, Format Version 12.00
# Visual Studio Version 17
VisualStudioVersion = 17.0.31903.59
MinimumVisualStudioVersion = 10.0.40219.1
Project("{FAE04EC0-301F-11D3-BF4B-00C04F79EFBC}") = "Collaboard.Api", "Collaboard.Api\\Collaboard.Api.csproj", "{2DDFCC2A-D1A4-4DCC-848F-0DA0E90151E4}"
EndProject
Project("{FAE04EC0-301F-11D3-BF4B-00C04F79EFBC}") = "Collaboard.Api.Tests", "Collaboard.Api.Tests\Collaboard.Api.Tests.csproj", "{0AF482DA-D6BD-4174-8503-2F04134B8D6E}"
EndProject
Project("{FAE04EC0-301F-11D3-BF4B-00C04F79EFBC}") = "Collaboard.ServiceDefaults", "Collaboard.ServiceDefaults\Collaboard.ServiceDefaults.csproj", "{C20CE0E0-AC2C-472B-B30F-BF1D7D7D1125}"
EndProject
Project("{FAE04EC0-301F-11D3-BF4B-00C04F79EFBC}") = "Collaboard.AppHost", "Collaboard.AppHost\Collaboard.AppHost.csproj", "{F1B29F55-8577-4354-A1A2-A8E9984206D2}"
EndProject
Global
	GlobalSection(SolutionConfigurationPlatforms) = preSolution
		Debug|Any CPU = Debug|Any CPU
		Debug|x64 = Debug|x64
		Debug|x86 = Debug|x86
		Release|Any CPU = Release|Any CPU
		Release|x64 = Release|x64
		Release|x86 = Release|x86
	EndGlobalSection
	GlobalSection(ProjectConfigurationPlatforms) = postSolution
		{2DDFCC2A-D1A4-4DCC-848F-0DA0E90151E4}.Debug|Any CPU.ActiveCfg = Debug|Any CPU
		{2DDFCC2A-D1A4-4DCC-848F-0DA0E90151E4}.Debug|Any CPU.Build.0 = Debug|Any CPU
		{2DDFCC2A-D1A4-4DCC-848F-0DA0E90151E4}.Debug|x64.ActiveCfg = Debug|Any CPU
		{2DDFCC2A-D1A4-4DCC-848F-0DA0E90151E4}.Debug|x64.Build.0 = Debug|Any CPU
		{2DDFCC2A-D1A4-4DCC-848F-0DA0E90151E4}.Debug|x86.ActiveCfg = Debug|Any CPU
		{2DDFCC2A-D1A4-4DCC-848F-0DA0E90151E4}.Debug|x86.Build.0 = Debug|Any CPU
		{2DDFCC2A-D1A4-4DCC-848F-0DA0E90151E4}.Release|Any CPU.ActiveCfg = Release|Any CPU
		{2DDFCC2A-D1A4-4DCC-848F-0DA0E90151E4}.Release|Any CPU.Build.0 = Release|Any CPU
		{2DDFCC2A-D1A4-4DCC-848F-0DA0E90151E4}.Release|x64.ActiveCfg = Release|Any CPU
		{2DDFCC2A-D1A4-4DCC-848F-0DA0E90151E4}.Release|x64.Build.0 = Release|Any CPU
		{2DDFCC2A-D1A4-4DCC-848F-0DA0E90151E4}.Release|x86.ActiveCfg = Release|Any CPU
		{2DDFCC2A-D1A4-4DCC-848F-0DA0E90151E4}.Release|x86.Build.0 = Release|Any CPU
		{0AF482DA-D6BD-4174-8503-2F04134B8D6E}.Debug|Any CPU.ActiveCfg = Debug|Any CPU
		{0AF482DA-D6BD-4174-8503-2F04134B8D6E}.Debug|Any CPU.Build.0 = Debug|Any CPU
		{0AF482DA-D6BD-4174-8503-2F04134B8D6E}.Debug|x64.ActiveCfg = Debug|Any CPU
		{0AF482DA-D6BD-4174-8503-2F04134B8D6E}.Debug|x64.Build.0 = Debug|Any CPU
		{0AF482DA-D6BD-4174-8503-2F04134B8D6E}.Debug|x86.ActiveCfg = Debug|Any CPU
		{0AF482DA-D6BD-4174-8503-2F04134B8D6E}.Debug|x86.Build.0 = Debug|Any CPU
		{0AF482DA-D6BD-4174-8503-2F04134B8D6E}.Release|Any CPU.ActiveCfg = Release|Any CPU
		{0AF482DA-D6BD-4174-8503-2F04134B8D6E}.Release|Any CPU.Build.0 = Release|Any CPU
		{0AF482DA-D6BD-4174-8503-2F04134B8D6E}.Release|x64.ActiveCfg = Release|Any CPU
		{0AF482DA-D6BD-4174-8503-2F04134B8D6E}.Release|x64.Build.0 = Release|Any CPU
		{0AF482DA-D6BD-4174-8503-2F04134B8D6E}.Release|x86.ActiveCfg = Release|Any CPU
		{0AF482DA-D6BD-4174-8503-2F04134B8D6E}.Release|x86.Build.0 = Release|Any CPU
		{C20CE0E0-AC2C-472B-B30F-BF1D7D7D1125}.Debug|Any CPU.ActiveCfg = Debug|Any CPU
		{C20CE0E0-AC2C-472B-B30F-BF1D7D7D1125}.Debug|Any CPU.Build.0 = Debug|Any CPU
		{C20CE0E0-AC2C-472B-B30F-BF1D7D7D1125}.Debug|x64.ActiveCfg = Debug|Any CPU
		{C20CE0E0-AC2C-472B-B30F-BF1D7D7D1125}.Debug|x64.Build.0 = Debug|Any CPU
		{C20CE0E0-AC2C-472B-B30F-BF1D7D7D1125}.Debug|x86.ActiveCfg = Debug|Any CPU
		{C20CE0E0-AC2C-472B-B30F-BF1D7D7D1125}.Debug|x86.Build.0 = Debug|Any CPU
		{C20CE0E0-AC2C-472B-B30F-BF1D7D7D1125}.Release|Any CPU.ActiveCfg = Release|Any CPU
		{C20CE0E0-AC2C-472B-B30F-BF1D7D7D1125}.Release|Any CPU.Build.0 = Release|Any CPU
		{C20CE0E0-AC2C-472B-B30F-BF1D7D7D1125}.Release|x64.ActiveCfg = Release|Any CPU
		{C20CE0E0-AC2C-472B-B30F-BF1D7D7D1125}.Release|x64.Build.0 = Release|Any CPU
		{C20CE0E0-AC2C-472B-B30F-BF1D7D7D1125}.Release|x86.ActiveCfg = Release|Any CPU
		{C20CE0E0-AC2C-472B-B30F-BF1D7D7D1125}.Release|x86.Build.0 = Release|Any CPU
		{F1B29F55-8577-4354-A1A2-A8E9984206D2}.Debug|Any CPU.ActiveCfg = Debug|Any CPU
		{F1B29F55-8577-4354-A1A2-A8E9984206D2}.Debug|Any CPU.Build.0 = Debug|Any CPU
		{F1B29F55-8577-4354-A1A2-A8E9984206D2}.Debug|x64.ActiveCfg = Debug|Any CPU
		{F1B29F55-8577-4354-A1A2-A8E9984206D2}.Debug|x64.Build.0 = Debug|Any CPU
		{F1B29F55-8577-4354-A1A2-A8E9984206D2}.Debug|x86.ActiveCfg = Debug|Any CPU
		{F1B29F55-8577-4354-A1A2-A8E9984206D2}.Debug|x86.Build.0 = Debug|Any CPU
		{F1B29F55-8577-4354-A1A2-A8E9984206D2}.Release|Any CPU.ActiveCfg = Release|Any CPU
		{F1B29F55-8577-4354-A1A2-A8E9984206D2}.Release|Any CPU.Build.0 = Release|Any CPU
		{F1B29F55-8577-4354-A1A2-A8E9984206D2}.Release|x64.ActiveCfg = Release|Any CPU
		{F1B29F55-8577-4354-A1A2-A8E9984206D2}.Release|x64.Build.0 = Release|Any CPU
		{F1B29F55-8577-4354-A1A2-A8E9984206D2}.Release|x86.ActiveCfg = Release|Any CPU
		{F1B29F55-8577-4354-A1A2-A8E9984206D2}.Release|x86.Build.0 = Release|Any CPU
	EndGlobalSection
	GlobalSection(SolutionProperties) = preSolution
		HideSolutionNode = FALSE
	EndGlobalSection
EndGlobal
